
Microsoft Visual Studio Solution File, Format Version 12.00
# Visual Studio Version 16
VisualStudioVersion = 16.0.30717.126
MinimumVisualStudioVersion = 10.0.40219.1
Project("{9A19103F-16F7-4668-BE54-9A1E7A4F7556}") = "UtilitySyncWebAPI", "UtilitySyncWepAPI\UtilitySyncWebAPI.csproj", "{B6FCFBFA-AF0D-4D77-87B9-5BB3C02D4C2D}"
EndProject
Project("{9A19103F-16F7-4668-BE54-9A1E7A4F7556}") = "UtilityDataAccess", "UtilityDataAccess\UtilityDataAccess.csproj", "{AB9D7D99-C601-42D4-BDDD-B825EC22E017}"
EndProject
Project("{9A19103F-16F7-4668-BE54-9A1E7A4F7556}") = "UtilityBLL", "UtilityBLL\UtilityBLL.csproj", "{C68BF244-9962-4C2C-A9D3-3397F24C9BC2}"
EndProject
Global
	GlobalSection(SolutionConfigurationPlatforms) = preSolution
		Debug|Any CPU = Debug|Any CPU
		Release|Any CPU = Release|Any CPU
	EndGlobalSection
	GlobalSection(ProjectConfigurationPlatforms) = postSolution
		{B6FCFBFA-AF0D-4D77-87B9-5BB3C02D4C2D}.Debug|Any CPU.ActiveCfg = Debug|Any CPU
		{B6FCFBFA-AF0D-4D77-87B9-5BB3C02D4C2D}.Debug|Any CPU.Build.0 = Debug|Any CPU
		{B6FCFBFA-AF0D-4D77-87B9-5BB3C02D4C2D}.Release|Any CPU.ActiveCfg = Release|Any CPU
		{B6FCFBFA-AF0D-4D77-87B9-5BB3C02D4C2D}.Release|Any CPU.Build.0 = Release|Any CPU
		{AB9D7D99-C601-42D4-BDDD-B825EC22E017}.Debug|Any CPU.ActiveCfg = Debug|Any CPU
		{AB9D7D99-C601-42D4-BDDD-B825EC22E017}.Debug|Any CPU.Build.0 = Debug|Any CPU
		{AB9D7D99-C601-42D4-BDDD-B825EC22E017}.Release|Any CPU.ActiveCfg = Release|Any CPU
		{AB9D7D99-C601-42D4-BDDD-B825EC22E017}.Release|Any CPU.Build.0 = Release|Any CPU
		{C68BF244-9962-4C2C-A9D3-3397F24C9BC2}.Debug|Any CPU.ActiveCfg = Debug|Any CPU
		{C68BF244-9962-4C2C-A9D3-3397F24C9BC2}.Debug|Any CPU.Build.0 = Debug|Any CPU
		{C68BF244-9962-4C2C-A9D3-3397F24C9BC2}.Release|Any CPU.ActiveCfg = Release|Any CPU
		{C68BF244-9962-4C2C-A9D3-3397F24C9BC2}.Release|Any CPU.Build.0 = Release|Any CPU
	EndGlobalSection
	GlobalSection(SolutionProperties) = preSolution
		HideSolutionNode = FALSE
	EndGlobalSection
	GlobalSection(ExtensibilityGlobals) = postSolution
		SolutionGuid = {FF6F3B66-011A-4327-96CA-6CE4BC1BB685}
	EndGlobalSection
EndGlobal
